
Microsoft Visual Studio Solution File, Format Version 11.00
# Visual Studio 2010
Project("{FAE04EC0-301F-11D3-BF4B-00C04F79EFBC}") = "HelloViews", "HelloViews\HelloViews.csproj", "{E17A8342-F21C-437C-9B86-9900C1E21AC8}"
EndProject
Global
	GlobalSection(SolutionConfigurationPlatforms) = preSolution
		Debug|iPhoneSimulator = Debug|iPhoneSimulator
		Release|iPhoneSimulator = Release|iPhoneSimulator
		Debug|iPhone = Debug|iPhone
		Release|iPhone = Release|iPhone
		Ad-Hoc|iPhone = Ad-Hoc|iPhone
		AppStore|iPhone = AppStore|iPhone
	EndGlobalSection
	GlobalSection(ProjectConfigurationPlatforms) = postSolution
		{E17A8342-F21C-437C-9B86-9900C1E21AC8}.Ad-Hoc|iPhone.ActiveCfg = Ad-Hoc|iPhone
		{E17A8342-F21C-437C-9B86-9900C1E21AC8}.Ad-Hoc|iPhone.Build.0 = Ad-Hoc|iPhone
		{E17A8342-F21C-437C-9B86-9900C1E21AC8}.AppStore|iPhone.ActiveCfg = AppStore|iPhone
		{E17A8342-F21C-437C-9B86-9900C1E21AC8}.AppStore|iPhone.Build.0 = AppStore|iPhone
		{E17A8342-F21C-437C-9B86-9900C1E21AC8}.Debug|iPhone.ActiveCfg = Debug|iPhone
		{E17A8342-F21C-437C-9B86-9900C1E21AC8}.Debug|iPhone.Build.0 = Debug|iPhone
		{E17A8342-F21C-437C-9B86-9900C1E21AC8}.Debug|iPhoneSimulator.ActiveCfg = Debug|iPhoneSimulator
		{E17A8342-F21C-437C-9B86-9900C1E21AC8}.Debug|iPhoneSimulator.Build.0 = Debug|iPhoneSimulator
		{E17A8342-F21C-437C-9B86-9900C1E21AC8}.Release|iPhone.ActiveCfg = Release|iPhone
		{E17A8342-F21C-437C-9B86-9900C1E21AC8}.Release|iPhone.Build.0 = Release|iPhone
		{E17A8342-F21C-437C-9B86-9900C1E21AC8}.Release|iPhoneSimulator.ActiveCfg = Release|iPhoneSimulator
		{E17A8342-F21C-437C-9B86-9900C1E21AC8}.Release|iPhoneSimulator.Build.0 = Release|iPhoneSimulator
	EndGlobalSection
	GlobalSection(MonoDevelopProperties) = preSolution
		StartupItem = HelloViews\HelloViews.csproj
	EndGlobalSection
EndGlobal
